
Microsoft Visual Studio Solution File, Format Version 12.00
# Visual Studio Version 16
VisualStudioVersion = 16.0.30204.135
MinimumVisualStudioVersion = 10.0.40219.1
Project("{FAE04EC0-301F-11D3-BF4B-00C04F79EFBC}") = "MyShop.Core", "MyShop.Core\MyShop.Core.csproj", "{822495DC-BA89-4B43-8416-6352AD4C80E5}"
EndProject
Project("{FAE04EC0-301F-11D3-BF4B-00C04F79EFBC}") = "MyShop.Services", "MyShop.Services\MyShop.Services.csproj", "{B3A87586-2C4F-476D-A894-2E2637F55C1B}"
EndProject
Project("{FAE04EC0-301F-11D3-BF4B-00C04F79EFBC}") = "MyShop.DataAccess.SQL", "MyShop.DataAccess.SQL\MyShop.DataAccess.SQL.csproj", "{9167D772-2B96-428A-880B-9387EACFF925}"
EndProject
Project("{FAE04EC0-301F-11D3-BF4B-00C04F79EFBC}") = "MyShop.DataAccess.InMemory", "MyShop.DataAccess.InMemory\MyShop.DataAccess.InMemory.csproj", "{0FD42B4E-9819-4A11-8AB7-6FE963738259}"
EndProject
Project("{FAE04EC0-301F-11D3-BF4B-00C04F79EFBC}") = "MyShop.WebUI", "MyShop.WebUI\MyShop.WebUI.csproj", "{A3D84D04-8E3C-4A23-8777-B81DF89254FC}"
EndProject
Project("{FAE04EC0-301F-11D3-BF4B-00C04F79EFBC}") = "MyShop.WebUI.Tests", "MyShop.WebUI.Tests\MyShop.WebUI.Tests.csproj", "{A37AF2AE-6F70-4E1C-82EB-301146E38B92}"
EndProject
Global
	GlobalSection(SolutionConfigurationPlatforms) = preSolution
		Debug|Any CPU = Debug|Any CPU
		Release|Any CPU = Release|Any CPU
	EndGlobalSection
	GlobalSection(ProjectConfigurationPlatforms) = postSolution
		{822495DC-BA89-4B43-8416-6352AD4C80E5}.Debug|Any CPU.ActiveCfg = Debug|Any CPU
		{822495DC-BA89-4B43-8416-6352AD4C80E5}.Debug|Any CPU.Build.0 = Debug|Any CPU
		{822495DC-BA89-4B43-8416-6352AD4C80E5}.Release|Any CPU.ActiveCfg = Release|Any CPU
		{822495DC-BA89-4B43-8416-6352AD4C80E5}.Release|Any CPU.Build.0 = Release|Any CPU
		{B3A87586-2C4F-476D-A894-2E2637F55C1B}.Debug|Any CPU.ActiveCfg = Debug|Any CPU
		{B3A87586-2C4F-476D-A894-2E2637F55C1B}.Debug|Any CPU.Build.0 = Debug|Any CPU
		{B3A87586-2C4F-476D-A894-2E2637F55C1B}.Release|Any CPU.ActiveCfg = Release|Any CPU
		{B3A87586-2C4F-476D-A894-2E2637F55C1B}.Release|Any CPU.Build.0 = Release|Any CPU
		{9167D772-2B96-428A-880B-9387EACFF925}.Debug|Any CPU.ActiveCfg = Debug|Any CPU
		{9167D772-2B96-428A-880B-9387EACFF925}.Debug|Any CPU.Build.0 = Debug|Any CPU
		{9167D772-2B96-428A-880B-9387EACFF925}.Release|Any CPU.ActiveCfg = Release|Any CPU
		{9167D772-2B96-428A-880B-9387EACFF925}.Release|Any CPU.Build.0 = Release|Any CPU
		{0FD42B4E-9819-4A11-8AB7-6FE963738259}.Debug|Any CPU.ActiveCfg = Debug|Any CPU
		{0FD42B4E-9819-4A11-8AB7-6FE963738259}.Debug|Any CPU.Build.0 = Debug|Any CPU
		{0FD42B4E-9819-4A11-8AB7-6FE963738259}.Release|Any CPU.ActiveCfg = Release|Any CPU
		{0FD42B4E-9819-4A11-8AB7-6FE963738259}.Release|Any CPU.Build.0 = Release|Any CPU
		{A3D84D04-8E3C-4A23-8777-B81DF89254FC}.Debug|Any CPU.ActiveCfg = Debug|Any CPU
		{A3D84D04-8E3C-4A23-8777-B81DF89254FC}.Debug|Any CPU.Build.0 = Debug|Any CPU
		{A3D84D04-8E3C-4A23-8777-B81DF89254FC}.Release|Any CPU.ActiveCfg = Release|Any CPU
		{A3D84D04-8E3C-4A23-8777-B81DF89254FC}.Release|Any CPU.Build.0 = Release|Any CPU
		{A37AF2AE-6F70-4E1C-82EB-301146E38B92}.Debug|Any CPU.ActiveCfg = Debug|Any CPU
		{A37AF2AE-6F70-4E1C-82EB-301146E38B92}.Debug|Any CPU.Build.0 = Debug|Any CPU
		{A37AF2AE-6F70-4E1C-82EB-301146E38B92}.Release|Any CPU.ActiveCfg = Release|Any CPU
		{A37AF2AE-6F70-4E1C-82EB-301146E38B92}.Release|Any CPU.Build.0 = Release|Any CPU
	EndGlobalSection
	GlobalSection(SolutionProperties) = preSolution
		HideSolutionNode = FALSE
	EndGlobalSection
	GlobalSection(ExtensibilityGlobals) = postSolution
		SolutionGuid = {AFBA9F42-B11C-433B-AF27-74538AAEB3D9}
	EndGlobalSection
EndGlobal
